
Microsoft Visual Studio Solution File, Format Version 12.00
# Visual Studio Version 17
VisualStudioVersion = 17.9.34714.143
MinimumVisualStudioVersion = 10.0.40219.1
Project("{FAE04EC0-301F-11D3-BF4B-00C04F79EFBC}") = "ByteZone_Injector", "ByteZone_Injector\ByteZone_Injector.csproj", "{EA271DFD-A3BC-49CE-81F6-49041A8AAAA0}"
EndProject
Global
	GlobalSection(SolutionConfigurationPlatforms) = preSolution
		Debug|Any CPU = Debug|Any CPU
		Release|Any CPU = Release|Any CPU
	EndGlobalSection
	GlobalSection(ProjectConfigurationPlatforms) = postSolution
		{EA271DFD-A3BC-49CE-81F6-49041A8AAAA0}.Debug|Any CPU.ActiveCfg = Debug|Any CPU
		{EA271DFD-A3BC-49CE-81F6-49041A8AAAA0}.Debug|Any CPU.Build.0 = Debug|Any CPU
		{EA271DFD-A3BC-49CE-81F6-49041A8AAAA0}.Release|Any CPU.ActiveCfg = Release|Any CPU
		{EA271DFD-A3BC-49CE-81F6-49041A8AAAA0}.Release|Any CPU.Build.0 = Release|Any CPU
	EndGlobalSection
	GlobalSection(SolutionProperties) = preSolution
		HideSolutionNode = FALSE
	EndGlobalSection
	GlobalSection(ExtensibilityGlobals) = postSolution
		SolutionGuid = {B2C25003-0BD8-4F20-A6CB-32851B981E64}
	EndGlobalSection
EndGlobal
