
Microsoft Visual Studio Solution File, Format Version 12.00
# Visual Studio Version 17
VisualStudioVersion = 17.8.34322.80
MinimumVisualStudioVersion = 10.0.40219.1
Project("{9A19103F-16F7-4668-BE54-9A1E7A4F7556}") = "ByteZone_Injector", "ByteZone_Injector.csproj", "{C0414254-A076-49D1-9329-50EAA0D52494}"
EndProject
Global
	GlobalSection(SolutionConfigurationPlatforms) = preSolution
		Debug|Any CPU = Debug|Any CPU
		Release|Any CPU = Release|Any CPU
	EndGlobalSection
	GlobalSection(ProjectConfigurationPlatforms) = postSolution
		{C0414254-A076-49D1-9329-50EAA0D52494}.Debug|Any CPU.ActiveCfg = Debug|Any CPU
		{C0414254-A076-49D1-9329-50EAA0D52494}.Debug|Any CPU.Build.0 = Debug|Any CPU
		{C0414254-A076-49D1-9329-50EAA0D52494}.Release|Any CPU.ActiveCfg = Release|Any CPU
		{C0414254-A076-49D1-9329-50EAA0D52494}.Release|Any CPU.Build.0 = Release|Any CPU
	EndGlobalSection
	GlobalSection(SolutionProperties) = preSolution
		HideSolutionNode = FALSE
	EndGlobalSection
	GlobalSection(ExtensibilityGlobals) = postSolution
		SolutionGuid = {14A45847-4767-41AE-9EFE-FAC42A1F34FA}
	EndGlobalSection
EndGlobal
